
Microsoft Visual Studio Solution File, Format Version 12.00
# Visual Studio 15
VisualStudioVersion = 15.0.28307.168
MinimumVisualStudioVersion = 10.0.40219.1
Project("{8BC9CEB8-8B4A-11D0-8D11-00A0C91BC942}") = "PathFind", "PathFind\PathFind.vcxproj", "{3E1EF016-6B57-41E3-8A3C-9C8D4189ED21}"
EndProject
Global
	GlobalSection(SolutionConfigurationPlatforms) = preSolution
		Debug|x64 = Debug|x64
		Debug|x86 = Debug|x86
		Release|x64 = Release|x64
		Release|x86 = Release|x86
	EndGlobalSection
	GlobalSection(ProjectConfigurationPlatforms) = postSolution
		{3E1EF016-6B57-41E3-8A3C-9C8D4189ED21}.Debug|x64.ActiveCfg = Debug|x64
		{3E1EF016-6B57-41E3-8A3C-9C8D4189ED21}.Debug|x64.Build.0 = Debug|x64
		{3E1EF016-6B57-41E3-8A3C-9C8D4189ED21}.Debug|x86.ActiveCfg = Debug|Win32
		{3E1EF016-6B57-41E3-8A3C-9C8D4189ED21}.Debug|x86.Build.0 = Debug|Win32
		{3E1EF016-6B57-41E3-8A3C-9C8D4189ED21}.Release|x64.ActiveCfg = Release|x64
		{3E1EF016-6B57-41E3-8A3C-9C8D4189ED21}.Release|x64.Build.0 = Release|x64
		{3E1EF016-6B57-41E3-8A3C-9C8D4189ED21}.Release|x86.ActiveCfg = Release|Win32
		{3E1EF016-6B57-41E3-8A3C-9C8D4189ED21}.Release|x86.Build.0 = Release|Win32
	EndGlobalSection
	GlobalSection(SolutionProperties) = preSolution
		HideSolutionNode = FALSE
	EndGlobalSection
	GlobalSection(ExtensibilityGlobals) = postSolution
		SolutionGuid = {3A787F13-C5A1-49F0-8304-6107D358B630}
	EndGlobalSection
EndGlobal
